{
    "_meta": {
        "hash": {
            "sha256": "c5ab6ef3e97d472435997521846c8d37a6a5451e9182ca7064502d5b4d1ae17a"
        },
        "pipfile-spec": 6,
        "requires": {
            "python_version": "3.6"
        },
        "sources": [
            {
                "name": "pypi",
                "url": "https://pypi.org/simple",
                "verify_ssl": true
            }
        ]
    },
    "default": {
        "beautifulsoup4": {
            "hashes": [
                "sha256:194ec62a25438adcb3fdb06378b26559eda1ea8a747367d34c33cef9c7f48d57",
                "sha256:90f8e61121d6ae58362ce3bed8cd997efb00c914eae0ff3d363c32f9a9822d10",
                "sha256:f0abd31228055d698bb392a826528ea08ebb9959e6bea17c606fd9c9009db938"
            ],
            "version": "==4.6.3"
        },
        "diff-match-patch": {
            "hashes": [
                "sha256:9dba5611fbf27893347349fd51cc1911cb403682a7163373adacc565d11e2e4c"
            ],
            "version": "==20121119"
        },
        "dj-database-url": {
            "hashes": [
                "sha256:4aeaeb1f573c74835b0686a2b46b85990571159ffc21aa57ecd4d1e1cb334163",
                "sha256:851785365761ebe4994a921b433062309eb882fedd318e1b0fcecc607ed02da9"
            ],
            "version": "==0.5.0"
        },
        "django": {
            "hashes": [
                "sha256:1ffab268ada3d5684c05ba7ce776eaeedef360712358d6a6b340ae9f16486916",
                "sha256:dd46d87af4c1bf54f4c926c3cfa41dc2b5c15782f15e4329752ce65f5dad1c37"
            ],
            "index": "pypi",
            "version": "==2.1.3"
        },
        "django-admin-large-initial-data": {
            "hashes": [
                "sha256:a0ce711f871b0842d351197a64a735314eac372a655da6f08626964237e45d6a"
            ],
            "index": "pypi",
            "version": "==1.0.0"
        },
        "django-admin-tools": {
            "hashes": [
                "sha256:73841bdd31d2397d640819690a7f6f61490ef8f386476b78a8373df4941eea72",
                "sha256:bf4d7e022d18a18067a4649e370c0794749bea4e84e5a3b611d4330d49aa5830"
            ],
            "index": "pypi",
            "version": "==0.8.1"
        },
        "django-admin-tools-stats": {
            "hashes": [
                "sha256:2dd16aa5fc835d8136114280699e98aa14f19b76425d4e392f5e080466f15aa0"
            ],
            "index": "pypi",
            "version": "==0.9.0"
        },
        "django-adminactions": {
            "hashes": [
                "sha256:15934cad0ee1ef198f715dc4c21599bc6add72ca667ba4118c4266d382ddd0e3"
            ],
            "index": "pypi",
            "version": "==1.5"
        },
        "django-adminfilters": {
            "hashes": [
                "sha256:66a343d9a133369688fbf227f340d93bc56b8add8476615b1f16079dba4b4e0f"
            ],
            "index": "pypi",
            "version": "==1.0.0"
        },
        "django-advanced-filters": {
            "hashes": [
                "sha256:4d9c6a3ca38f212fa0000f0a35426a046ead98d8608ffe341912dfcc3b0da87f",
                "sha256:adee9498daa65125584c4cc0d37f7636427366fb96cc707bef8133b1dc22c405"
            ],
            "index": "pypi",
            "version": "==1.1.0"
        },
        "django-betterforms": {
            "hashes": [
                "sha256:7d61ad6302793daba6f5f15fbb1dbe68785b6fe31a508df1da404814bc537acc"
            ],
            "index": "pypi",
            "version": "==1.2"
        },
        "django-bootstrap-form": {
            "hashes": [
                "sha256:de3f7893e515352834d446c441c0cb861637f92cebbe59d8229469c6cd3dc640"
            ],
            "index": "pypi",
            "version": "==3.4"
        },
        "django-bower": {
            "hashes": [
                "sha256:3ab5699b782d63d1aa8e5d61f9bdcdb8d29137e7ba6f19d094d566241afee0f2",
                "sha256:f1cf649842c0cb28f8aa28617e99fc7fb7773bac4e8886ee4e36962a38c99a6e"
            ],
            "index": "pypi",
            "version": "==5.2.0"
        },
        "django-braces": {
            "hashes": [
                "sha256:a457d74ea29478123c0c4652272681b3cea0bf1232187fd9f9b6f1d97d32a890",
                "sha256:ba68e98b817c6f01d71d10849f359979617b3fe4cefb7f289adefddced092ddc"
            ],
            "version": "==1.13.0"
        },
        "django-bulk-update": {
            "hashes": [
                "sha256:49a403392ae05ea872494d74fb3dfa3515f8df5c07cc277c3dc94724c0ee6985",
                "sha256:5ab7ce8a65eac26d19143cc189c0f041d5c03b9d1b290ca240dc4f3d6aaeb337"
            ],
            "index": "pypi",
            "version": "==2.2.0"
        },
        "django-chart-tools": {
            "hashes": [
                "sha256:bd7dc65709272471aee3355db1072d607f15965ec8e25b9be8f40e83381e9938"
            ],
            "index": "pypi",
            "version": "==1.0"
        },
        "django-cors-headers": {
            "hashes": [
                "sha256:5545009c9b233ea7e70da7dbab7cb1c12afa01279895086f98ec243d7eab46fa",
                "sha256:c4c2ee97139d18541a1be7d96fe337d1694623816d83f53cb7c00da9b94acae1"
            ],
            "index": "pypi",
            "version": "==2.4.0"
        },
        "django-daterange-filter": {
            "hashes": [
                "sha256:f31aee8f747f36b3a25fa332ad5c3e170e87ba97e957aacfa196c1cd68ac336e"
            ],
            "index": "pypi",
            "version": "==1.3.0"
        },
        "django-denorm": {
            "hashes": [
                "sha256:34cb7b5ee71f9aab3e69ebb0bd51f9e0f83f7d733ad2455ac13151fb4a07e77b"
            ],
            "index": "pypi",
            "version": "==1.0.0"
        },
        "django-extensions": {
            "hashes": [
                "sha256:30cb6a8c7d6f75a55edf0c0c4491bd98f8264ae1616ce105f9cecac4387edd07",
                "sha256:4ad86a7a5e84f1c77db030761ae87a600647250c652030a2b71a16e87f3a3d62"
            ],
            "index": "pypi",
            "version": "==2.1.3"
        },
        "django-extra-views": {
            "hashes": [
                "sha256:27e0ad5ce349abe455504badee837060e8508032fcfe1dfaee115d21b775a383"
            ],
            "index": "pypi",
            "version": "==0.12.0"
        },
        "django-helpdesk": {
            "editable": true,
            "git": "https://github.com/django-helpdesk/django-helpdesk.git",
            "ref": "a3bc6ed46bb1a00ce4664dfeac155e4b11b842a8"
        },
        "django-heroku": {
            "hashes": [
                "sha256:2bc690aab89eedbe01311752320a9a12e7548e3b0ed102681acc5736a41a4762",
                "sha256:6af4bc3ae4a9b55eaad6dbe5164918982d2762661aebc9f83d9fa49f6009514e"
            ],
            "index": "pypi",
            "version": "==0.3.1"
        },
        "django-import-export": {
            "hashes": [
                "sha256:51823434e06721725e0e51b8da424b3c0e915c93cbb65b607464e3d9613f200e",
                "sha256:54d0c9a0e0b0513c9db7ea47c41e6499ffe576e13f724d37003e18d974f5c3b5"
            ],
            "index": "pypi",
            "version": "==1.1.0"
        },
        "django-jsonfield": {
            "hashes": [
                "sha256:6c0afd5554739365b55d86e285cf966cc3a45682fff963463364ea1f6511ca3e"
            ],
            "version": "==1.0.1"
        },
        "django-markdown-deux": {
            "hashes": [
                "sha256:5b4a3cd9454af5b4cec0e19151b41d98d09400ddae0688afb81dbf62a4edafff"
            ],
            "version": "==1.0.5"
        },
        "django-mass-edit": {
            "hashes": [
                "sha256:4646b2d76a9e0cd289ab260c7b8efb7bc58fd0a7223e4871c4e1aa3ceee4a290",
                "sha256:a72b525f12071ac20b29541d6038ef68f4e4b21ca590909cd0033f1b0b3c5420"
            ],
            "index": "pypi",
            "version": "==3.2.0"
        },
        "django-nvd3": {
            "hashes": [
                "sha256:1ec0ba4c74fe84f4ce65d1246a4a471ddd51d7a2ed8f69c60d70229d41a06c63"
            ],
            "version": "==0.9.7"
        },
        "django-post-office": {
            "hashes": [
                "sha256:207b663a05d5d6a62765eb30081093837272a888cf00557d89d0e6f467928871",
                "sha256:827937a944fe47cea393853069cd9315d080298c8ddb0faf787955d6aa51a030"
            ],
            "index": "pypi",
            "version": "==3.1.0"
        },
        "django-qsstats-magic": {
            "hashes": [
                "sha256:b26cbd320b6303778d95ed333d3f18bc24dacd9d97a27e20973d038b5b565805"
            ],
            "index": "pypi",
            "version": "==1.0.0"
        },
        "django-related-admin": {
            "hashes": [
                "sha256:41437bd6007bf81055fc5bab9ebfb34fccdb09218b568d967f91e789651a0e1f"
            ],
            "index": "pypi",
            "version": "==0.5.0"
        },
        "django-sesame": {
            "hashes": [
                "sha256:4a2d88417fe49c62c73e061cf03510697eba01a72ea57763942a2a9eda1e3820",
                "sha256:7da5072e3f2298b94ec78c838d467d4585cbc6efec2248d326b6ae4fb2c32271"
            ],
            "index": "pypi",
            "version": "==1.4"
        },
        "django-stdimage": {
            "hashes": [
                "sha256:84ab389d35a03d2cfebe756c553cb847dde8afd6b74279be725d708bb8d8ac67",
                "sha256:d13c06c5785510f8ba996f477e8fc38c67234a68476dcde3de0d173558c0a7e6"
            ],
            "index": "pypi",
            "version": "==4.0.0"
        },
        "django-tinymce": {
            "hashes": [
                "sha256:a7594f342786834e4f6585334652c6a37f1e11ccbc3ea83ae76b9ff9b3cf590c",
                "sha256:ed1425aa370e20e8b84809feebc2cd42573790cfb74ad19a942affe8f13b9296"
            ],
            "index": "pypi",
            "version": "==2.7.0"
        },
        "django-wysiwyg": {
            "hashes": [
                "sha256:4de7214c0da50807cf1bef32d1ad16976048006d187a1b8daf0380ed326c424d",
                "sha256:7c37c685379fa23402f415ba7f8f6bce3552d3836ed2cf99e37591e1cc0dffc3"
            ],
            "index": "pypi",
            "version": "==0.8.0"
        },
        "djcacheutils": {
            "hashes": [
                "sha256:9f1058aa278ef507a2c06c14e152307c51f0046f4a136c81cf366a0700083e0f"
            ],
            "index": "pypi",
            "version": "==3.0.0"
        },
        "email-reply-parser": {
            "hashes": [
                "sha256:f92aa6fd7314c2c8833f2928c0fd6d2e26f94c04eb1de409e75c59f1ac42eef8"
            ],
            "version": "==0.5.9"
        },
        "et-xmlfile": {
            "hashes": [
                "sha256:614d9722d572f6246302c4491846d2c393c199cfa4edc9af593437691683335b"
            ],
            "version": "==1.0.1"
        },
        "feedparser": {
            "hashes": [
                "sha256:bd030652c2d08532c034c27fcd7c85868e7fa3cb2b17f230a44a6bbc92519bf9",
                "sha256:cd2485472e41471632ed3029d44033ee420ad0b57111db95c240c9160a85831c",
                "sha256:ce875495c90ebd74b179855449040003a1beb40cd13d5f037a0654251e260b02"
            ],
            "index": "pypi",
            "version": "==5.2.1"
        },
        "gunicorn": {
            "hashes": [
                "sha256:aa8e0b40b4157b36a5df5e599f45c9c76d6af43845ba3b3b0efe2c70473c2471",
                "sha256:fa2662097c66f920f53f70621c6c58ca4a3c4d3434205e608e121b5b3b71f4f3"
            ],
            "index": "pypi",
            "version": "==19.9.0"
        },
        "html2text": {
            "hashes": [
                "sha256:490db40fe5b2cd79c461cf56be4d39eb8ca68191ae41ba3ba79f6cb05b7dd662",
                "sha256:627514fb30e7566b37be6900df26c2c78a030cc9e6211bda604d8181233bcdd4"
            ],
            "index": "pypi",
            "version": "==2018.1.9"
        },
        "jdcal": {
            "hashes": [
                "sha256:948fb8d079e63b4be7a69dd5f0cd618a0a57e80753de8248fd786a8a20658a07",
                "sha256:ea0a5067c5f0f50ad4c7bdc80abad3d976604f6fb026b0b3a17a9d84bb9046c9"
            ],
            "version": "==1.4"
        },
        "jinja2": {
            "hashes": [
                "sha256:74c935a1b8bb9a3947c50a54766a969d4846290e1e788ea44c1392163723c3bd",
                "sha256:f84be1bb0040caca4cea721fcbbbbd61f9be9464ca236387158b0feea01914a4"
            ],
            "version": "==2.10"
        },
        "jsonfield": {
            "hashes": [
                "sha256:a0a7fdee736ff049059409752b045281a225610fecbda9b9bd588ba976493c12",
                "sha256:beb1cd4850d6d6351c32daefcb826c01757744e9c863228a642f87a1a4acb834"
            ],
            "version": "==2.0.2"
        },
        "lxml": {
            "hashes": [
                "sha256:02bc220d61f46e9b9d5a53c361ef95e9f5e1d27171cd461dddb17677ae2289a5",
                "sha256:22f253b542a342755f6cfc047fe4d3a296515cf9b542bc6e261af45a80b8caf6",
                "sha256:2f31145c7ff665b330919bfa44aacd3a0211a76ca7e7b441039d2a0b0451e415",
                "sha256:36720698c29e7a9626a0dc802ef8885f8f0239bfd1689628ecd459a061f2807f",
                "sha256:438a1b0203545521f6616132bfe0f4bca86f8a401364008b30e2b26ec408ce85",
                "sha256:4815892904c336bbaf73dafd54f45f69f4021c22b5bad7332176bbf4fb830568",
                "sha256:5be031b0f15ad63910d8e5038b489d95a79929513b3634ad4babf77100602588",
                "sha256:5c93ae37c3c588e829b037fdfbd64a6e40c901d3f93f7beed6d724c44829a3ad",
                "sha256:60842230678674cdac4a1cf0f707ef12d75b9a4fc4a565add4f710b5fcf185d5",
                "sha256:62939a8bb6758d1bf923aa1c13f0bcfa9bf5b2fc0f5fa917a6e25db5fe0cfa4e",
                "sha256:75830c06a62fe7b8fe3bbb5f269f0b308f19f3949ac81cfd40062f47c1455faf",
                "sha256:81992565b74332c7c1aff6a913a3e906771aa81c9d0c68c68113cffcae45bc53",
                "sha256:8c892fb0ee52c594d9a7751c7d7356056a9682674b92cc1c4dc968ff0f30c52f",
                "sha256:9d862e3cf4fc1f2837dedce9c42269c8c76d027e49820a548ac89fdcee1e361f",
                "sha256:a623965c086a6e91bb703d4da62dabe59fe88888e82c4117d544e11fd74835d6",
                "sha256:a7783ab7f6a508b0510490cef9f857b763d796ba7476d9703f89722928d1e113",
                "sha256:aab09fbe8abfa3b9ce62aaf45aca2d28726b1b9ee44871dbe644050a2fff4940",
                "sha256:abf181934ac3ef193832fb973fd7f6149b5c531903c2ec0f1220941d73eee601",
                "sha256:ae07fa0c115733fce1e9da96a3ac3fa24801742ca17e917e0c79d63a01eeb843",
                "sha256:b9c78242219f674ab645ec571c9a95d70f381319a23911941cd2358a8e0521cf",
                "sha256:bccb267678b870d9782c3b44d0cefe3ba0e329f9af8c946d32bf3778e7a4f271",
                "sha256:c4df4d27f4c93b2cef74579f00b1d3a31a929c7d8023f870c4b476f03a274db4",
                "sha256:caf0e50b546bb60dfa99bb18dfa6748458a83131ecdceaf5c071d74907e7e78a",
                "sha256:d3266bd3ac59ac4edcd5fa75165dee80b94a3e5c91049df5f7c057ccf097551c",
                "sha256:db0d213987bcd4e6d41710fb4532b22315b0d8fb439ff901782234456556aed1",
                "sha256:dbbd5cf7690a40a9f0a9325ab480d0fccf46d16b378eefc08e195d84299bfae1",
                "sha256:e16e07a0ec3a75b5ee61f2b1003c35696738f937dc8148fbda9fe2147ccb6e61",
                "sha256:e175a006725c7faadbe69e791877d09936c0ef2cf49d01b60a6c1efcb0e8be6f",
                "sha256:edd9c13a97f6550f9da2236126bb51c092b3b1ce6187f2bd966533ad794bbb5e",
                "sha256:fa39ea60d527fbdd94215b5e5552f1c6a912624521093f1384a491a8ad89ad8b"
            ],
            "version": "==4.2.5"
        },
        "markdown2": {
            "hashes": [
                "sha256:08a124043aa0ad36ba2136239547d5011a2b770278abb11a5609611e0040ea05"
            ],
            "version": "==2.3.6"
        },
        "markupsafe": {
            "hashes": [
                "sha256:a6be69091dac236ea9c6bc7d012beab42010fa914c459791d627dad4910eb665"
            ],
            "version": "==1.0"
        },
        "odfpy": {
            "hashes": [
                "sha256:6bcaf3b23aa9e49ed8c8c177266539b211add4e02402748a994451482a10cb1b"
            ],
            "version": "==1.3.6"
        },
        "openpyxl": {
            "hashes": [
                "sha256:022c0f3fa1e873cc0ba20651c54dd5e6276fc4ff150b4060723add4fc448645e"
            ],
            "version": "==2.5.9"
        },
        "pillow": {
            "hashes": [
                "sha256:00203f406818c3f45d47bb8fe7e67d3feddb8dcbbd45a289a1de7dd789226360",
                "sha256:0616f800f348664e694dddb0b0c88d26761dd5e9f34e1ed7b7a7d2da14b40cb7",
                "sha256:1f7908aab90c92ad85af9d2fec5fc79456a89b3adcc26314d2cde0e238bd789e",
                "sha256:2ea3517cd5779843de8a759c2349a3cd8d3893e03ab47053b66d5ec6f8bc4f93",
                "sha256:48a9f0538c91fc136b3a576bee0e7cd174773dc9920b310c21dcb5519722e82c",
                "sha256:5280ebc42641a1283b7b1f2c20e5b936692198b9dd9995527c18b794850be1a8",
                "sha256:5e34e4b5764af65551647f5cc67cf5198c1d05621781d5173b342e5e55bf023b",
                "sha256:63b120421ab85cad909792583f83b6ca3584610c2fe70751e23f606a3c2e87f0",
                "sha256:696b5e0109fe368d0057f484e2e91717b49a03f1e310f857f133a4acec9f91dd",
                "sha256:870ed021a42b1b02b5fe4a739ea735f671a84128c0a666c705db2cb9abd528eb",
                "sha256:916da1c19e4012d06a372127d7140dae894806fad67ef44330e5600d77833581",
                "sha256:9303a289fa0811e1c6abd9ddebfc770556d7c3311cb2b32eff72164ddc49bc64",
                "sha256:9577888ecc0ad7d06c3746afaba339c94d62b59da16f7a5d1cff9e491f23dace",
                "sha256:987e1c94a33c93d9b209315bfda9faa54b8edfce6438a1e93ae866ba20de5956",
                "sha256:99a3bbdbb844f4fb5d6dd59fac836a40749781c1fa63c563bc216c27aef63f60",
                "sha256:99db8dc3097ceafbcff9cb2bff384b974795edeb11d167d391a02c7bfeeb6e16",
                "sha256:a5a96cf49eb580756a44ecf12949e52f211e20bffbf5a95760ac14b1e499cd37",
                "sha256:aa6ca3eb56704cdc0d876fc6047ffd5ee960caad52452fbee0f99908a141a0ae",
                "sha256:aade5e66795c94e4a2b2624affeea8979648d1b0ae3fcee17e74e2c647fc4a8a",
                "sha256:b78905860336c1d292409e3df6ad39cc1f1c7f0964e66844bbc2ebfca434d073",
                "sha256:b92f521cdc4e4a3041cc343625b699f20b0b5f976793fb45681aac1efda565f8",
                "sha256:bfde84bbd6ae5f782206d454b67b7ee8f7f818c29b99fd02bf022fd33bab14cb",
                "sha256:c2b62d3df80e694c0e4a0ed47754c9480521e25642251b3ab1dff050a4e60409",
                "sha256:c5e2be6c263b64f6f7656e23e18a4a9980cffc671442795682e8c4e4f815dd9f",
                "sha256:c99aa3c63104e0818ec566f8ff3942fb7c7a8f35f9912cb63fd8e12318b214b2",
                "sha256:dae06620d3978da346375ebf88b9e2dd7d151335ba668c995aea9ed07af7add4",
                "sha256:db5499d0710823fa4fb88206050d46544e8f0e0136a9a5f5570b026584c8fd74",
                "sha256:f36baafd82119c4a114b9518202f2a983819101dcc14b26e43fc12cbefdce00e",
                "sha256:f52b79c8796d81391ab295b04e520bda6feed54d54931708872e8f9ae9db0ea1",
                "sha256:ff8cff01582fa1a7e533cb97f628531c4014af4b5f38e33cdcfe5eec29b6d888"
            ],
            "version": "==5.3.0"
        },
        "progressbar2": {
            "hashes": [
                "sha256:84cb2b81274e9d83a952dc4517f953fbaf1e040b90638e68d54fc18e7dd47030",
                "sha256:d209f8c13672724bbb7bbf76e7ffedaa0bcdac32dc8db68a627bbabfd6c75de0"
            ],
            "version": "==3.38.0"
        },
        "psycopg2": {
            "hashes": [
                "sha256:0b9e48a1c1505699a64ac58815ca99104aacace8321e455072cee4f7fe7b2698",
                "sha256:0f4c784e1b5a320efb434c66a50b8dd7e30a7dc047e8f45c0a8d2694bfe72781",
                "sha256:0fdbaa32c9eb09ef09d425dc154628fca6fa69d2f7c1a33f889abb7e0efb3909",
                "sha256:11fbf688d5c953c0a5ba625cc42dea9aeb2321942c7c5ed9341a68f865dc8cb1",
                "sha256:19eaac4eb25ab078bd0f28304a0cb08702d120caadfe76bb1e6846ed1f68635e",
                "sha256:3232ec1a3bf4dba97fbf9b03ce12e4b6c1d01ea3c85773903a67ced725728232",
                "sha256:36f8f9c216fcca048006f6dd60e4d3e6f406afde26cfb99e063f137070139eaf",
                "sha256:59c1a0e4f9abe970062ed35d0720935197800a7ef7a62b3a9e3a70588d9ca40b",
                "sha256:6506c5ff88750948c28d41852c09c5d2a49f51f28c6d90cbf1b6808e18c64e88",
                "sha256:6bc3e68ee16f571681b8c0b6d5c0a77bef3c589012352b3f0cf5520e674e9d01",
                "sha256:6dbbd7aabbc861eec6b910522534894d9dbb507d5819bc982032c3ea2e974f51",
                "sha256:6e737915de826650d1a5f7ff4ac6cf888a26f021a647390ca7bafdba0e85462b",
                "sha256:6ed9b2cfe85abc720e8943c1808eeffd41daa73e18b7c1e1a228b0b91f768ccc",
                "sha256:711ec617ba453fdfc66616db2520db3a6d9a891e3bf62ef9aba4c95bb4e61230",
                "sha256:844dacdf7530c5c612718cf12bc001f59b2d9329d35b495f1ff25045161aa6af",
                "sha256:86b52e146da13c896e50c5a3341a9448151f1092b1a4153e425d1e8b62fec508",
                "sha256:985c06c2a0f227131733ae58d6a541a5bc8b665e7305494782bebdb74202b793",
                "sha256:a86dfe45f4f9c55b1a2312ff20a59b30da8d39c0e8821d00018372a2a177098f",
                "sha256:aa3cd07f7f7e3183b63d48300666f920828a9dbd7d7ec53d450df2c4953687a9",
                "sha256:b1964ed645ef8317806d615d9ff006c0dadc09dfc54b99ae67f9ba7a1ec9d5d2",
                "sha256:b2abbff9e4141484bb89b96eb8eae186d77bc6d5ffbec6b01783ee5c3c467351",
                "sha256:cc33c3a90492e21713260095f02b12bee02b8d1f2c03a221d763ce04fa90e2e9",
                "sha256:d7de3bf0986d777807611c36e809b77a13bf1888f5c8db0ebf24b47a52d10726",
                "sha256:db5e3c52576cc5b93a959a03ccc3b02cb8f0af1fbbdc80645f7a215f0b864f3a",
                "sha256:e168aa795ffbb11379c942cf95bf813c7db9aa55538eb61de8c6815e092416f5",
                "sha256:e9ca911f8e2d3117e5241d5fa9aaa991cb22fb0792627eeada47425d706b5ec8",
                "sha256:eccf962d41ca46e6326b97c8fe0a6687b58dfc1a5f6540ed071ff1474cea749e",
                "sha256:efa19deae6b9e504a74347fe5e25c2cb9343766c489c2ae921b05f37338b18d1",
                "sha256:f4b0460a21f784abe17b496f66e74157a6c36116fa86da8bf6aa028b9e8ad5fe",
                "sha256:f93d508ca64d924d478fb11e272e09524698f0c581d9032e68958cfbdd41faef"
            ],
            "index": "pypi",
            "version": "==2.7.5"
        },
        "pypdf2": {
            "hashes": [
                "sha256:e28f902f2f0a1603ea95ebe21dff311ef09be3d0f0ef29a3e44a932729564385"
            ],
            "index": "pypi",
            "version": "==1.26.0"
        },
        "python-dateutil": {
            "hashes": [
                "sha256:063df5763652e21de43de7d9e00ccf239f953a832941e37be541614732cdfc93",
                "sha256:88f9287c0174266bb0d8cedd395cfba9c58e87e5ad86b2ce58859bc11be3cf02"
            ],
            "index": "pypi",
            "version": "==2.7.5"
        },
        "python-dotenv": {
            "hashes": [
                "sha256:122290a38ece9fe4f162dc7c95cae3357b983505830a154d3c98ef7f6c6cea77",
                "sha256:4a205787bc829233de2a823aa328e44fd9996fedb954989a21f1fc67c13d7a77"
            ],
            "index": "pypi",
            "version": "==0.9.1"
        },
        "python-memcached": {
            "hashes": [
                "sha256:4dac64916871bd3550263323fc2ce18e1e439080a2d5670c594cf3118d99b594",
                "sha256:a2e28637be13ee0bf1a8b6843e7490f9456fd3f2a4cb60471733c7b5d5557e4f"
            ],
            "index": "pypi",
            "version": "==1.59"
        },
        "python-nvd3": {
            "hashes": [
                "sha256:86ca51a9526ced2ebe8faff999b0660755f51f2d00af7871efba9b777470ae95"
            ],
            "version": "==0.14.2"
        },
        "python-slugify": {
            "hashes": [
                "sha256:e674f0d45eaeb5c47b7d4771319889a39b15ee87aa62c3b2fcc33cf34e94fc98"
            ],
            "version": "==1.1.4"
        },
        "python-utils": {
            "hashes": [
                "sha256:34aaf26b39b0b86628008f2ae0ac001b30e7986a8d303b61e1357dfcdad4f6d3",
                "sha256:e25f840564554eaded56eaa395bca507b0b9e9f0ae5ecb13a8cb785305c56d25"
            ],
            "version": "==2.3.0"
        },
        "pytz": {
            "hashes": [
                "sha256:31cb35c89bd7d333cd32c5f278fca91b523b0834369e757f4c5641ea252236ca",
                "sha256:8e0f8568c118d3077b46be7d654cc8167fa916092e28320cde048e54bfc9f1e6"
            ],
            "version": "==2018.7"
        },
        "pyyaml": {
            "hashes": [
                "sha256:3d7da3009c0f3e783b2c873687652d83b1bbfd5c88e9813fb7e5b03c0dd3108b",
                "sha256:3ef3092145e9b70e3ddd2c7ad59bdd0252a94dfe3949721633e41344de00a6bf",
                "sha256:40c71b8e076d0550b2e6380bada1f1cd1017b882f7e16f09a65be98e017f211a",
                "sha256:558dd60b890ba8fd982e05941927a3911dc409a63dcb8b634feaa0cda69330d3",
                "sha256:a7c28b45d9f99102fa092bb213aa12e0aaf9a6a1f5e395d36166639c1f96c3a1",
                "sha256:aa7dd4a6a427aed7df6fb7f08a580d68d9b118d90310374716ae90b710280af1",
                "sha256:bc558586e6045763782014934bfaf39d48b8ae85a2713117d16c39864085c613",
                "sha256:d46d7982b62e0729ad0175a9bc7e10a566fc07b224d2c79fafb5e032727eaa04",
                "sha256:d5eef459e30b09f5a098b9cea68bebfeb268697f78d647bd255a085371ac7f3f",
                "sha256:e01d3203230e1786cd91ccfdc8f8454c8069c91bee3962ad93b87a4b2860f537",
                "sha256:e170a9e6fcfd19021dd29845af83bb79236068bf5fd4df3327c1be18182b2531"
            ],
            "version": "==3.13"
        },
        "raven": {
            "hashes": [
                "sha256:3fd787d19ebb49919268f06f19310e8112d619ef364f7989246fc8753d469888",
                "sha256:95f44f3ea2c1b176d5450df4becdb96c15bf2632888f9ab193e9dd22300ce46a"
            ],
            "index": "pypi",
            "version": "==6.9.0"
        },
        "reportlab": {
            "hashes": [
                "sha256:04ca57bebe2c3e06550aae82a468ac80d97249178f3aca4496872a9ebf8ba391",
                "sha256:1a97e6f06d21682476a12fee60506ea6e8e2f67c180f227a5272e14e2f2cdf5d",
                "sha256:1c9d782cddada11b0c83bd5c3f124fed9ba189c718499f5baecae18c7574cf68",
                "sha256:1ca461c2f4b4e8685fde083b4fca9189f5120881f87bc6ac7e923127cafbf70a",
                "sha256:1cafbe667567d1a34febc00011f097665b705e3cb8bbea307de87a324b318fe8",
                "sha256:22c1515321dad5a372109fdd3a68e25d59c2f06883e56d991670156fb8a675fc",
                "sha256:2725bf2d8ff228a0d7914fcbd70e012fc0435d6489d3cd8e6331a3f545dfb8c7",
                "sha256:30845e210cee64c0ac53f2fa6b8ce8878e5437514bc9527ce2fe71ab5e8c79bb",
                "sha256:3bb05d06c33bf1dee166a375caa2a39f110d6b3504988c2a5591eae4a179eb01",
                "sha256:4894b76d94b2a57696bcecc06606366584b06214af8c231d71499a52d451ccb4",
                "sha256:495603088d81ca80d3a3f5e0587402522c1a2f9d10658e477d7601db73d59718",
                "sha256:4c15800a83c4e7dc1924d8fb2ec1e46ad1a097601d53439e189cfb8999c3c889",
                "sha256:552c4d18eee5037e396eef5132fb0233282d38be43d04cd1ae06dddce848f3b0",
                "sha256:61f2a8efc021ec2f48aa7af854ce2e2d6f4620657dad147ac0dedd6e342abd3a",
                "sha256:6f615ce97b0631450f227edb122cde35b2d597863766c15514d3b4e165109b09",
                "sha256:7c42b12829f5958b60d4a8fc0664db2de98779a0646ef00a6ea39c10f47df374",
                "sha256:7cb5349be994d276fe10425ab4f230fb6cbcdab027287bb6033a96f953cdf5e1",
                "sha256:95914d90df4d72b3e4b0f97dca095bd83bdbbcf50b2e2e5132329c76ecb941c7",
                "sha256:9b91208f4539ef75f4efcd62ef8ce5b476b18b6157bc8b0c7050ebd75eaf22b7",
                "sha256:a7a8acf70d852771c14a5a3be5174233419e7ad17d73a3b9820646346ef62bcb",
                "sha256:b78a465c993edc1a6e0f4184a49570ae8a42f048c9ef855bf65c0cee54b0b8bf",
                "sha256:b93f1a1edef554fa9c0d71091c20797f9289b6ad048b379fc3f62920416e164e",
                "sha256:ba7518c099417eaab0000238984e0f7010602793687891b9ac7f58f9adc1b3a4",
                "sha256:baba0edec7f763143d04e82f3bc4c9fb99d4a43439969f0abaf4788a8a92e452",
                "sha256:bbb807604d98d062275c59d53be431ca7f229aa209fcdf4a878b6a3ac5cabd98",
                "sha256:c8410ce1e2504c083c84b8310f57813469a7efced2485456badcedb63ae1e8f2",
                "sha256:d003f5414291b8112d80e2940b0e1de13f5eab2ca4db0b6a3f4597b95c451351",
                "sha256:f92f81314807cd860f29fe07a1a4100b03910ae6bbfca20a07e02c3b460f4f20"
            ],
            "index": "pypi",
            "version": "==3.5.9"
        },
        "simplejson": {
            "hashes": [
                "sha256:067a7177ddfa32e1483ba5169ebea1bc2ea27f224853211ca669325648ca5642",
                "sha256:2fc546e6af49fb45b93bbe878dea4c48edc34083729c0abd09981fe55bdf7f91",
                "sha256:354fa32b02885e6dae925f1b5bbf842c333c1e11ea5453ddd67309dc31fdb40a",
                "sha256:37e685986cf6f8144607f90340cff72d36acf654f3653a6c47b84c5c38d00df7",
                "sha256:3af610ee72efbe644e19d5eaad575c73fb83026192114e5f6719f4901097fce2",
                "sha256:3b919fc9cf508f13b929a9b274c40786036b31ad28657819b3b9ba44ba651f50",
                "sha256:3dd289368bbd064974d9a5961101f080e939cbe051e6689a193c99fb6e9ac89b",
                "sha256:6c3258ffff58712818a233b9737fe4be943d306c40cf63d14ddc82ba563f483a",
                "sha256:75e3f0b12c28945c08f54350d91e624f8dd580ab74fd4f1bbea54bc6b0165610",
                "sha256:b1f329139ba647a9548aa05fb95d046b4a677643070dc2afc05fa2e975d09ca5",
                "sha256:ee9625fc8ee164902dfbb0ff932b26df112da9f871c32f0f9c1bcf20c350fe2a",
                "sha256:fb2530b53c28f0d4d84990e945c2ebb470edb469d63e389bf02ff409012fe7c5"
            ],
            "version": "==3.16.0"
        },
        "six": {
            "hashes": [
                "sha256:70e8a77beed4562e7f14fe23a786b54f6296e34344c23bc42f07b15018ff98e9",
                "sha256:832dc0e10feb1aa2c68dcc57dbb658f1c7e65b9b61af69048abc87a2db00a0eb"
            ],
            "version": "==1.11.0"
        },
        "tablib": {
            "hashes": [
                "sha256:b8cf50a61d66655229993f2ee29220553fb2c80403479f8e6de77c0c24649d87"
            ],
            "version": "==0.12.1"
        },
        "unicodecsv": {
            "hashes": [
                "sha256:018c08037d48649a0412063ff4eda26eaa81eff1546dbffa51fa5293276ff7fc"
            ],
            "version": "==0.14.1"
        },
        "unidecode": {
            "hashes": [
                "sha256:72f49d3729f3d8f5799f710b97c1451c5163102e76d64d20e170aedbbd923582",
                "sha256:8c33dd588e0c9bc22a76eaa0c715a5434851f726131bd44a6c26471746efabf5"
            ],
            "version": "==1.0.22"
        },
        "vokativ": {
            "hashes": [
                "sha256:700596bd508e9c72c95a2118833f258af3905e85caa35a2ce05494af2c3bc6d7"
            ],
            "index": "pypi",
            "version": "==1.1.0"
        },
        "whitenoise": {
            "hashes": [
                "sha256:133a92ff0ab8fb9509f77d4f7d0de493eca19c6fea973f4195d4184f888f2e02",
                "sha256:32b57d193478908a48acb66bf73e7a3c18679263e3e64bfebcfac1144a430039"
            ],
            "version": "==4.1"
        },
        "xlrd": {
            "hashes": [
                "sha256:83a1d2f1091078fb3f65876753b5302c5cfb6a41de64b9587b74cefa75157148",
                "sha256:8a21885513e6d915fe33a8ee5fdfa675433b61405ba13e2a69e62ee36828d7e2"
            ],
            "index": "pypi",
            "version": "==1.1.0"
        },
        "xlwt": {
            "hashes": [
                "sha256:a082260524678ba48a297d922cc385f58278b8aa68741596a87de01a9c628b2e",
                "sha256:c59912717a9b28f1a3c2a98fd60741014b06b043936dcecbc113eaaada156c88"
            ],
            "version": "==1.3.0"
        }
    },
    "develop": {
        "certifi": {
            "hashes": [
                "sha256:339dc09518b07e2fa7eda5450740925974815557727d6bd35d319c1524a04a4c",
                "sha256:6d58c986d22b038c8c0df30d639f23a3e6d172a05c3583e766f4c0b785c0986a"
            ],
            "version": "==2018.10.15"
        },
        "chardet": {
            "hashes": [
                "sha256:84ab92ed1c4d4f16916e05906b6b75a6c0fb5db821cc65e70cbd64a3e2a5eaae",
                "sha256:fc323ffcaeaed0e0a02bf4d117757b98aed530d9ed4531e3e15460124c106691"
            ],
            "version": "==3.0.4"
        },
        "coverage": {
            "hashes": [
                "sha256:03481e81d558d30d230bc12999e3edffe392d244349a90f4ef9b88425fac74ba",
                "sha256:0b136648de27201056c1869a6c0d4e23f464750fd9a9ba9750b8336a244429ed",
                "sha256:0bf8cbbd71adfff0ef1f3a1531e6402d13b7b01ac50a79c97ca15f030dba6306",
                "sha256:10a46017fef60e16694a30627319f38a2b9b52e90182dddb6e37dcdab0f4bf95",
                "sha256:198626739a79b09fa0a2f06e083ffd12eb55449b5f8bfdbeed1df4910b2ca640",
                "sha256:23d341cdd4a0371820eb2b0bd6b88f5003a7438bbedb33688cd33b8eae59affd",
                "sha256:28b2191e7283f4f3568962e373b47ef7f0392993bb6660d079c62bd50fe9d162",
                "sha256:2a5b73210bad5279ddb558d9a2bfedc7f4bf6ad7f3c988641d83c40293deaec1",
                "sha256:2eb564bbf7816a9d68dd3369a510be3327f1c618d2357fa6b1216994c2e3d508",
                "sha256:337ded681dd2ef9ca04ef5d93cfc87e52e09db2594c296b4a0a3662cb1b41249",
                "sha256:3a2184c6d797a125dca8367878d3b9a178b6fdd05fdc2d35d758c3006a1cd694",
                "sha256:3c79a6f7b95751cdebcd9037e4d06f8d5a9b60e4ed0cd231342aa8ad7124882a",
                "sha256:3d72c20bd105022d29b14a7d628462ebdc61de2f303322c0212a054352f3b287",
                "sha256:3eb42bf89a6be7deb64116dd1cc4b08171734d721e7a7e57ad64cc4ef29ed2f1",
                "sha256:4635a184d0bbe537aa185a34193898eee409332a8ccb27eea36f262566585000",
                "sha256:56e448f051a201c5ebbaa86a5efd0ca90d327204d8b059ab25ad0f35fbfd79f1",
                "sha256:5a13ea7911ff5e1796b6d5e4fbbf6952381a611209b736d48e675c2756f3f74e",
                "sha256:69bf008a06b76619d3c3f3b1983f5145c75a305a0fea513aca094cae5c40a8f5",
                "sha256:6bc583dc18d5979dc0f6cec26a8603129de0304d5ae1f17e57a12834e7235062",
                "sha256:701cd6093d63e6b8ad7009d8a92425428bc4d6e7ab8d75efbb665c806c1d79ba",
                "sha256:7608a3dd5d73cb06c531b8925e0ef8d3de31fed2544a7de6c63960a1e73ea4bc",
                "sha256:76ecd006d1d8f739430ec50cc872889af1f9c1b6b8f48e29941814b09b0fd3cc",
                "sha256:7aa36d2b844a3e4a4b356708d79fd2c260281a7390d678a10b91ca595ddc9e99",
                "sha256:7d3f553904b0c5c016d1dad058a7554c7ac4c91a789fca496e7d8347ad040653",
                "sha256:7e1fe19bd6dce69d9fd159d8e4a80a8f52101380d5d3a4d374b6d3eae0e5de9c",
                "sha256:8c3cb8c35ec4d9506979b4cf90ee9918bc2e49f84189d9bf5c36c0c1119c6558",
                "sha256:9d6dd10d49e01571bf6e147d3b505141ffc093a06756c60b053a859cb2128b1f",
                "sha256:be6cfcd8053d13f5f5eeb284aa8a814220c3da1b0078fa859011c7fffd86dab9",
                "sha256:c1bb572fab8208c400adaf06a8133ac0712179a334c09224fb11393e920abcdd",
                "sha256:de4418dadaa1c01d497e539210cb6baa015965526ff5afc078c57ca69160108d",
                "sha256:e05cb4d9aad6233d67e0541caa7e511fa4047ed7750ec2510d466e806e0255d6",
                "sha256:f05a636b4564104120111800021a92e43397bc12a5c72fed7036be8556e0029e",
                "sha256:f3f501f345f24383c0000395b26b726e46758b71393267aeae0bd36f8b3ade80"
            ],
            "index": "pypi",
            "version": "==4.5.1"
        },
        "coveralls": {
            "hashes": [
                "sha256:ab638e88d38916a6cedbf80a9cd8992d5fa55c77ab755e262e00b36792b7cd6d",
                "sha256:b2388747e2529fa4c669fb1e3e2756e4e07b6ee56c7d9fce05f35ccccc913aa0"
            ],
            "index": "pypi",
            "version": "==1.5.1"
        },
        "django": {
            "hashes": [
                "sha256:1ffab268ada3d5684c05ba7ce776eaeedef360712358d6a6b340ae9f16486916",
                "sha256:dd46d87af4c1bf54f4c926c3cfa41dc2b5c15782f15e4329752ce65f5dad1c37"
            ],
            "index": "pypi",
            "version": "==2.1.3"
        },
        "django-admin-smoke-tests": {
            "editable": true,
            "git": "https://github.com/jnoortheen/django-admin-smoke-tests",
            "ref": "166fffdb5893ed1307273152fb35b53732c6f86e"
        },
        "django-coverage-plugin": {
            "hashes": [
                "sha256:8810678115ea541f85f4fdfa248e2bf703f05ac6740f6dbd9860d11a9861672f"
            ],
            "index": "pypi",
            "version": "==1.6.0"
        },
        "django-debug-toolbar": {
            "hashes": [
                "sha256:08e0e43f6c1fd9820af4cbdcd54b5fb80bf83a2e08b2cc952547a671174999b8",
                "sha256:1dcae28d430522debafde2602b3450eb784410b78e16c29a00448032df2a4c90"
            ],
            "index": "pypi",
            "version": "==1.10.1"
        },
        "docopt": {
            "hashes": [
                "sha256:49b3a825280bd66b3aa83585ef59c4a8c82f2c8a522dbe754a8bc8d08c85c491"
            ],
            "version": "==0.6.2"
        },
        "flake8": {
            "hashes": [
                "sha256:6a35f5b8761f45c5513e3405f110a86bea57982c3b75b766ce7b65217abe1670",
                "sha256:c01f8a3963b3571a8e6bd7a4063359aff90749e160778e03817cd9b71c9e07d2"
            ],
            "index": "pypi",
            "version": "==3.6.0"
        },
        "flake8-blind-except": {
            "hashes": [
                "sha256:aca3356633825544cec51997260fe31a8f24a1a2795ce8e81696b9916745e599"
            ],
            "index": "pypi",
            "version": "==0.1.1"
        },
        "flake8-builtins": {
            "hashes": [
                "sha256:8d806360767947c0035feada4ddef3ede32f0a586ef457e62d811b8456ad9a51",
                "sha256:cd7b1b7fec4905386a3643b59f9ca8e305768da14a49a7efb31fe9364f33cd04"
            ],
            "index": "pypi",
            "version": "==1.4.1"
        },
        "flake8-comprehensions": {
            "hashes": [
                "sha256:b83891fec0e680b07aa1fd92e53eb6993be29a0f3673a09badbe8da307c445e0",
                "sha256:e4ccf1627f75f192eb7fde640f5edb81c98d04b1390df9d4145ffd7710bb1ef2"
            ],
            "index": "pypi",
            "version": "==1.4.1"
        },
        "flake8-import-order": {
            "hashes": [
                "sha256:9be5ca10d791d458eaa833dd6890ab2db37be80384707b0f76286ddd13c16cbf",
                "sha256:feca2fd0a17611b33b7fa84449939196c2c82764e262486d5c3e143ed77d387b"
            ],
            "index": "pypi",
            "version": "==0.18"
        },
        "flake8-tidy-imports": {
            "hashes": [
                "sha256:5fc28c82bba16abb4f1154dc59a90487f5491fbdb27e658cbee241e8fddc1b91",
                "sha256:c05c9f7dadb5748a04b6fa1c47cb6ae5a8170f03cfb1dca8b37aec58c1ee6d15"
            ],
            "index": "pypi",
            "version": "==1.1.0"
        },
        "freezegun": {
            "hashes": [
                "sha256:6cb82b276f83f2acce67f121dc2656f4df26c71e32238334eb071170b892a278",
                "sha256:e839b43bfbe8158b4d62bb97e6313d39f3586daf48e1314fb1083d2ef17700da"
            ],
            "index": "pypi",
            "version": "==0.3.11"
        },
        "idna": {
            "hashes": [
                "sha256:156a6814fb5ac1fc6850fb002e0852d56c0c8d2531923a51032d1b70760e186e",
                "sha256:684a38a6f903c1d71d6d5fac066b58d7768af4de2b832e426ec79c30daa94a16"
            ],
            "version": "==2.7"
        },
        "mccabe": {
            "hashes": [
                "sha256:ab8a6258860da4b6677da4bd2fe5dc2c659cff31b3ee4f7f5d64e79735b80d42",
                "sha256:dd8d182285a0fe56bace7f45b5e7d1a6ebcbf524e8f3bd87eb0f125271b8831f"
            ],
            "version": "==0.6.1"
        },
        "model-mommy": {
            "hashes": [
                "sha256:0e42c8f4a37c874dd81675ef8a385d3a25877082565e0d213022898c637f6f25",
                "sha256:8313c253617255060de474cdfcc0f7517e42deafc5619fec832a6c04b292b5d7"
            ],
            "index": "pypi",
            "version": "==1.6.0"
        },
        "pudb": {
            "hashes": [
                "sha256:8d8b974641b7a7a2a721af01c9dce5eac8e05a2ceebc2680725ba8eef1ca876e"
            ],
            "index": "pypi",
            "version": "==2018.1"
        },
        "pycodestyle": {
            "hashes": [
                "sha256:cbc619d09254895b0d12c2c691e237b2e91e9b2ecf5e84c26b35400f93dcfb83",
                "sha256:cbfca99bd594a10f674d0cd97a3d802a1fdef635d4361e1a2658de47ed261e3a"
            ],
            "version": "==2.4.0"
        },
        "pyflakes": {
            "hashes": [
                "sha256:9a7662ec724d0120012f6e29d6248ae3727d821bba522a0e6b356eff19126a49",
                "sha256:f661252913bc1dbe7fcfcbf0af0db3f42ab65aabd1a6ca68fe5d466bace94dae"
            ],
            "version": "==2.0.0"
        },
        "pygments": {
            "hashes": [
                "sha256:78f3f434bcc5d6ee09020f92ba487f95ba50f1e3ef83ae96b9d5ffa1bab25c5d",
                "sha256:dbae1046def0efb574852fab9e90209b23f556367b5a320c0bcb871c77c3e8cc"
            ],
            "version": "==2.2.0"
        },
        "python-dateutil": {
            "hashes": [
                "sha256:063df5763652e21de43de7d9e00ccf239f953a832941e37be541614732cdfc93",
                "sha256:88f9287c0174266bb0d8cedd395cfba9c58e87e5ad86b2ce58859bc11be3cf02"
            ],
            "index": "pypi",
            "version": "==2.7.5"
        },
        "pytz": {
            "hashes": [
                "sha256:31cb35c89bd7d333cd32c5f278fca91b523b0834369e757f4c5641ea252236ca",
                "sha256:8e0f8568c118d3077b46be7d654cc8167fa916092e28320cde048e54bfc9f1e6"
            ],
            "version": "==2018.7"
        },
        "requests": {
            "hashes": [
                "sha256:99dcfdaaeb17caf6e526f32b6a7b780461512ab3f1d992187801694cba42770c",
                "sha256:a84b8c9ab6239b578f22d1c21d51b696dcfe004032bb80ea832398d6909d7279"
            ],
            "version": "==2.20.0"
        },
        "six": {
            "hashes": [
                "sha256:70e8a77beed4562e7f14fe23a786b54f6296e34344c23bc42f07b15018ff98e9",
                "sha256:832dc0e10feb1aa2c68dcc57dbb658f1c7e65b9b61af69048abc87a2db00a0eb"
            ],
            "version": "==1.11.0"
        },
        "sqlparse": {
            "hashes": [
                "sha256:ce028444cfab83be538752a2ffdb56bc417b7784ff35bb9a3062413717807dec",
                "sha256:d9cf190f51cbb26da0412247dfe4fb5f4098edb73db84e02f9fc21fdca31fed4"
            ],
            "version": "==0.2.4"
        },
        "urllib3": {
            "hashes": [
                "sha256:41c3db2fc01e5b907288010dec72f9d0a74e37d6994e6eb56849f59fea2265ae",
                "sha256:8819bba37a02d143296a4d032373c4dd4aca11f6d4c9973335ca75f9c8475f59"
            ],
            "version": "==1.24"
        },
        "urwid": {
            "hashes": [
                "sha256:644d3e3900867161a2fc9287a9762753d66bd194754679adb26aede559bcccbc"
            ],
            "version": "==2.0.1"
        }
    }
}
